
Microsoft Visual Studio Solution File, Format Version 12.00
# Visual Studio Version 17
VisualStudioVersion = 17.8.34219.65
MinimumVisualStudioVersion = 10.0.40219.1
Project("{9A19103F-16F7-4668-BE54-9A1E7A4F7556}") = "BulkyWeb", "BulkyWeb\BulkyWeb.csproj", "{688D3BD2-52EE-4F48-A772-011AF8E74AE8}"
EndProject
Project("{FAE04EC0-301F-11D3-BF4B-00C04F79EFBC}") = "Bulky.DataAccess", "Bulky.DataAccess\Bulky.DataAccess.csproj", "{36ABC065-49F6-466C-B96C-C806C6FDE76B}"
EndProject
Project("{FAE04EC0-301F-11D3-BF4B-00C04F79EFBC}") = "Bulky.Models", "Bulky.Models\Bulky.Models.csproj", "{C4D4C98F-79D6-4418-A2CA-0ECF0977685E}"
EndProject
Project("{FAE04EC0-301F-11D3-BF4B-00C04F79EFBC}") = "Bulky.Utility", "Bulky.Utility\Bulky.Utility.csproj", "{D7B580FD-FD0E-49D3-9548-D401589C0ABD}"
EndProject
Global
	GlobalSection(SolutionConfigurationPlatforms) = preSolution
		Debug|Any CPU = Debug|Any CPU
		Release|Any CPU = Release|Any CPU
	EndGlobalSection
	GlobalSection(ProjectConfigurationPlatforms) = postSolution
		{688D3BD2-52EE-4F48-A772-011AF8E74AE8}.Debug|Any CPU.ActiveCfg = Debug|Any CPU
		{688D3BD2-52EE-4F48-A772-011AF8E74AE8}.Debug|Any CPU.Build.0 = Debug|Any CPU
		{688D3BD2-52EE-4F48-A772-011AF8E74AE8}.Release|Any CPU.ActiveCfg = Release|Any CPU
		{688D3BD2-52EE-4F48-A772-011AF8E74AE8}.Release|Any CPU.Build.0 = Release|Any CPU
		{36ABC065-49F6-466C-B96C-C806C6FDE76B}.Debug|Any CPU.ActiveCfg = Debug|Any CPU
		{36ABC065-49F6-466C-B96C-C806C6FDE76B}.Debug|Any CPU.Build.0 = Debug|Any CPU
		{36ABC065-49F6-466C-B96C-C806C6FDE76B}.Release|Any CPU.ActiveCfg = Release|Any CPU
		{36ABC065-49F6-466C-B96C-C806C6FDE76B}.Release|Any CPU.Build.0 = Release|Any CPU
		{C4D4C98F-79D6-4418-A2CA-0ECF0977685E}.Debug|Any CPU.ActiveCfg = Debug|Any CPU
		{C4D4C98F-79D6-4418-A2CA-0ECF0977685E}.Debug|Any CPU.Build.0 = Debug|Any CPU
		{C4D4C98F-79D6-4418-A2CA-0ECF0977685E}.Release|Any CPU.ActiveCfg = Release|Any CPU
		{C4D4C98F-79D6-4418-A2CA-0ECF0977685E}.Release|Any CPU.Build.0 = Release|Any CPU
		{D7B580FD-FD0E-49D3-9548-D401589C0ABD}.Debug|Any CPU.ActiveCfg = Debug|Any CPU
		{D7B580FD-FD0E-49D3-9548-D401589C0ABD}.Debug|Any CPU.Build.0 = Debug|Any CPU
		{D7B580FD-FD0E-49D3-9548-D401589C0ABD}.Release|Any CPU.ActiveCfg = Release|Any CPU
		{D7B580FD-FD0E-49D3-9548-D401589C0ABD}.Release|Any CPU.Build.0 = Release|Any CPU
	EndGlobalSection
	GlobalSection(SolutionProperties) = preSolution
		HideSolutionNode = FALSE
	EndGlobalSection
	GlobalSection(ExtensibilityGlobals) = postSolution
		SolutionGuid = {712F7805-BF18-4DC7-A117-3F42DF18637B}
	EndGlobalSection
EndGlobal
