
Microsoft Visual Studio Solution File, Format Version 12.00
# Visual Studio Version 17
VisualStudioVersion = 17.8.34219.65
MinimumVisualStudioVersion = 10.0.40219.1
Project("{FAE04EC0-301F-11D3-BF4B-00C04F79EFBC}") = "BulkyWeb", "BulkyWeb\BulkyWeb.csproj", "{688D3BD2-52EE-4F48-A772-011AF8E74AE8}"
EndProject
Global
	GlobalSection(SolutionConfigurationPlatforms) = preSolution
		Debug|Any CPU = Debug|Any CPU
		Release|Any CPU = Release|Any CPU
	EndGlobalSection
	GlobalSection(ProjectConfigurationPlatforms) = postSolution
		{688D3BD2-52EE-4F48-A772-011AF8E74AE8}.Debug|Any CPU.ActiveCfg = Debug|Any CPU
		{688D3BD2-52EE-4F48-A772-011AF8E74AE8}.Debug|Any CPU.Build.0 = Debug|Any CPU
		{688D3BD2-52EE-4F48-A772-011AF8E74AE8}.Release|Any CPU.ActiveCfg = Release|Any CPU
		{688D3BD2-52EE-4F48-A772-011AF8E74AE8}.Release|Any CPU.Build.0 = Release|Any CPU
	EndGlobalSection
	GlobalSection(SolutionProperties) = preSolution
		HideSolutionNode = FALSE
	EndGlobalSection
	GlobalSection(ExtensibilityGlobals) = postSolution
		SolutionGuid = {712F7805-BF18-4DC7-A117-3F42DF18637B}
	EndGlobalSection
EndGlobal
